// !$*UTF8*$!
{
	archiveVersion = 1;
	classes = {
	};
	objectVersion = 50;
	objects = {

/* Begin PBXBuildFile section */
		3256C0A49CCD029644FF6E37 /* libPods-SMTMakerExample.a in Frameworks */ = {isa = PBXBuildFile; fileRef = EAE29F655E81D51456B9ED5D /* libPods-SMTMakerExample.a */; };
		5362D3AA213E6FC10006D1F2 /* AppDelegate.m in Sources */ = {isa = PBXBuildFile; fileRef = 5362D3A9213E6FC10006D1F2 /* AppDelegate.m */; };
		5362D3AD213E6FC10006D1F2 /* ViewController.m in Sources */ = {isa = PBXBuildFile; fileRef = 5362D3AC213E6FC10006D1F2 /* ViewController.m */; };
		5362D3B2213E6FC50006D1F2 /* Assets.xcassets in Resources */ = {isa = PBXBuildFile; fileRef = 5362D3B1213E6FC50006D1F2 /* Assets.xcassets */; };
		5362D3B5213E6FC50006D1F2 /* LaunchScreen.storyboard in Resources */ = {isa = PBXBuildFile; fileRef = 5362D3B3213E6FC50006D1F2 /* LaunchScreen.storyboard */; };
		5362D3B8213E6FC50006D1F2 /* main.m in Sources */ = {isa = PBXBuildFile; fileRef = 5362D3B7213E6FC50006D1F2 /* main.m */; };
		5362D3C1213E74A70006D1F2 /* SMTLabelMake.m in Sources */ = {isa = PBXBuildFile; fileRef = 5362D3C0213E74A70006D1F2 /* SMTLabelMake.m */; };
		5362D3C4213E74F70006D1F2 /* UILabel+SMTMake.m in Sources */ = {isa = PBXBuildFile; fileRef = 5362D3C3213E74F70006D1F2 /* UILabel+SMTMake.m */; };
		5362D3C7213E7F090006D1F2 /* SMTViewMake.m in Sources */ = {isa = PBXBuildFile; fileRef = 5362D3C6213E7F090006D1F2 /* SMTViewMake.m */; };
		5362D3CA213E81EB0006D1F2 /* UIView+SMTMake.m in Sources */ = {isa = PBXBuildFile; fileRef = 5362D3C9213E81EB0006D1F2 /* UIView+SMTMake.m */; };
/* End PBXBuildFile section */

/* Begin PBXFileReference section */
		115B630289E54C210E472288 /* Pods-SMTMakerExample.debug.xcconfig */ = {isa = PBXFileReference; includeInIndex = 1; lastKnownFileType = text.xcconfig; name = "Pods-SMTMakerExample.debug.xcconfig"; path = "Pods/Target Support Files/Pods-SMTMakerExample/Pods-SMTMakerExample.debug.xcconfig"; sourceTree = "<group>"; };
		325D55657F7D7ED9B13E323F /* Pods-SMTMakerExample.release.xcconfig */ = {isa = PBXFileReference; includeInIndex = 1; lastKnownFileType = text.xcconfig; name = "Pods-SMTMakerExample.release.xcconfig"; path = "Pods/Target Support Files/Pods-SMTMakerExample/Pods-SMTMakerExample.release.xcconfig"; sourceTree = "<group>"; };
		5362D3A5213E6FC10006D1F2 /* SMTMakerExample.app */ = {isa = PBXFileReference; explicitFileType = wrapper.application; includeInIndex = 0; path = SMTMakerExample.app; sourceTree = BUILT_PRODUCTS_DIR; };
		5362D3A8213E6FC10006D1F2 /* AppDelegate.h */ = {isa = PBXFileReference; lastKnownFileType = sourcecode.c.h; path = AppDelegate.h; sourceTree = "<group>"; };
		5362D3A9213E6FC10006D1F2 /* AppDelegate.m */ = {isa = PBXFileReference; lastKnownFileType = sourcecode.c.objc; path = AppDelegate.m; sourceTree = "<group>"; };
		5362D3AB213E6FC10006D1F2 /* ViewController.h */ = {isa = PBXFileReference; lastKnownFileType = sourcecode.c.h; path = ViewController.h; sourceTree = "<group>"; };
		5362D3AC213E6FC10006D1F2 /* ViewController.m */ = {isa = PBXFileReference; lastKnownFileType = sourcecode.c.objc; path = ViewController.m; sourceTree = "<group>"; };
		5362D3B1213E6FC50006D1F2 /* Assets.xcassets */ = {isa = PBXFileReference; lastKnownFileType = folder.assetcatalog; path = Assets.xcassets; sourceTree = "<group>"; };
		5362D3B4213E6FC50006D1F2 /* Base */ = {isa = PBXFileReference; lastKnownFileType = file.storyboard; name = Base; path = Base.lproj/LaunchScreen.storyboard; sourceTree = "<group>"; };
		5362D3B6213E6FC50006D1F2 /* Info.plist */ = {isa = PBXFileReference; lastKnownFileType = text.plist.xml; path = Info.plist; sourceTree = "<group>"; };
		5362D3B7213E6FC50006D1F2 /* main.m */ = {isa = PBXFileReference; lastKnownFileType = sourcecode.c.objc; path = main.m; sourceTree = "<group>"; };
		5362D3BF213E74A70006D1F2 /* SMTLabelMake.h */ = {isa = PBXFileReference; lastKnownFileType = sourcecode.c.h; path = SMTLabelMake.h; sourceTree = "<group>"; };
		5362D3C0213E74A70006D1F2 /* SMTLabelMake.m */ = {isa = PBXFileReference; lastKnownFileType = sourcecode.c.objc; path = SMTLabelMake.m; sourceTree = "<group>"; };
		5362D3C2213E74F70006D1F2 /* UILabel+SMTMake.h */ = {isa = PBXFileReference; lastKnownFileType = sourcecode.c.h; path = "UILabel+SMTMake.h"; sourceTree = "<group>"; };
		5362D3C3213E74F70006D1F2 /* UILabel+SMTMake.m */ = {isa = PBXFileReference; lastKnownFileType = sourcecode.c.objc; path = "UILabel+SMTMake.m"; sourceTree = "<group>"; };
		5362D3C5213E7F090006D1F2 /* SMTViewMake.h */ = {isa = PBXFileReference; lastKnownFileType = sourcecode.c.h; path = SMTViewMake.h; sourceTree = "<group>"; };
		5362D3C6213E7F090006D1F2 /* SMTViewMake.m */ = {isa = PBXFileReference; lastKnownFileType = sourcecode.c.objc; path = SMTViewMake.m; sourceTree = "<group>"; };
		5362D3C8213E81EB0006D1F2 /* UIView+SMTMake.h */ = {isa = PBXFileReference; lastKnownFileType = sourcecode.c.h; path = "UIView+SMTMake.h"; sourceTree = "<group>"; };
		5362D3C9213E81EB0006D1F2 /* UIView+SMTMake.m */ = {isa = PBXFileReference; lastKnownFileType = sourcecode.c.objc; path = "UIView+SMTMake.m"; sourceTree = "<group>"; };
		EAE29F655E81D51456B9ED5D /* libPods-SMTMakerExample.a */ = {isa = PBXFileReference; explicitFileType = archive.ar; includeInIndex = 0; path = "libPods-SMTMakerExample.a"; sourceTree = BUILT_PRODUCTS_DIR; };
/* End PBXFileReference section */

/* Begin PBXFrameworksBuildPhase section */
		5362D3A2213E6FC10006D1F2 /* Frameworks */ = {
			isa = PBXFrameworksBuildPhase;
			buildActionMask = 2147483647;
			files = (
				3256C0A49CCD029644FF6E37 /* libPods-SMTMakerExample.a in Frameworks */,
			);
			runOnlyForDeploymentPostprocessing = 0;
		};
/* End PBXFrameworksBuildPhase section */

/* Begin PBXGroup section */
		5362D39C213E6FC10006D1F2 = {
			isa = PBXGroup;
			children = (
				5362D3BE213E73880006D1F2 /* SMTMaker */,
				5362D3A7213E6FC10006D1F2 /* SMTMakerExample */,
				5362D3A6213E6FC10006D1F2 /* Products */,
				F3716D9BA83FAFC12B20C2A0 /* Pods */,
				EFF3EB6E6C48CB7741426E4B /* Frameworks */,
			);
			sourceTree = "<group>";
		};
		5362D3A6213E6FC10006D1F2 /* Products */ = {
			isa = PBXGroup;
			children = (
				5362D3A5213E6FC10006D1F2 /* SMTMakerExample.app */,
			);
			name = Products;
			sourceTree = "<group>";
		};
		5362D3A7213E6FC10006D1F2 /* SMTMakerExample */ = {
			isa = PBXGroup;
			children = (
				5362D3A8213E6FC10006D1F2 /* AppDelegate.h */,
				5362D3A9213E6FC10006D1F2 /* AppDelegate.m */,
				5362D3AB213E6FC10006D1F2 /* ViewController.h */,
				5362D3AC213E6FC10006D1F2 /* ViewController.m */,
				5362D3B1213E6FC50006D1F2 /* Assets.xcassets */,
				5362D3B3213E6FC50006D1F2 /* LaunchScreen.storyboard */,
				5362D3B6213E6FC50006D1F2 /* Info.plist */,
				5362D3B7213E6FC50006D1F2 /* main.m */,
			);
			path = SMTMakerExample;
			sourceTree = "<group>";
		};
		5362D3BE213E73880006D1F2 /* SMTMaker */ = {
			isa = PBXGroup;
			children = (
				5362D3BF213E74A70006D1F2 /* SMTLabelMake.h */,
				5362D3C0213E74A70006D1F2 /* SMTLabelMake.m */,
				5362D3C2213E74F70006D1F2 /* UILabel+SMTMake.h */,
				5362D3C3213E74F70006D1F2 /* UILabel+SMTMake.m */,
				5362D3C5213E7F090006D1F2 /* SMTViewMake.h */,
				5362D3C6213E7F090006D1F2 /* SMTViewMake.m */,
				5362D3C8213E81EB0006D1F2 /* UIView+SMTMake.h */,
				5362D3C9213E81EB0006D1F2 /* UIView+SMTMake.m */,
			);
			name = SMTMaker;
			path = ../SMTMaker;
			sourceTree = "<group>";
		};
		EFF3EB6E6C48CB7741426E4B /* Frameworks */ = {
			isa = PBXGroup;
			children = (
				EAE29F655E81D51456B9ED5D /* libPods-SMTMakerExample.a */,
			);
			name = Frameworks;
			sourceTree = "<group>";
		};
		F3716D9BA83FAFC12B20C2A0 /* Pods */ = {
			isa = PBXGroup;
			children = (
				115B630289E54C210E472288 /* Pods-SMTMakerExample.debug.xcconfig */,
				325D55657F7D7ED9B13E323F /* Pods-SMTMakerExample.release.xcconfig */,
			);
			name = Pods;
			sourceTree = "<group>";
		};
/* End PBXGroup section */

/* Begin PBXNativeTarget section */
		5362D3A4213E6FC10006D1F2 /* SMTMakerExample */ = {
			isa = PBXNativeTarget;
			buildConfigurationList = 5362D3BB213E6FC50006D1F2 /* Build configuration list for PBXNativeTarget "SMTMakerExample" */;
			buildPhases = (
				8178A06DF4C69FC21B460721 /* [CP] Check Pods Manifest.lock */,
				5362D3A1213E6FC10006D1F2 /* Sources */,
				5362D3A2213E6FC10006D1F2 /* Frameworks */,
				5362D3A3213E6FC10006D1F2 /* Resources */,
				04389EC3B64577D032280D25 /* [CP] Embed Pods Frameworks */,
				D3493EDC65CAE2AB1D77AB1E /* [CP] Copy Pods Resources */,
			);
			buildRules = (
			);
			dependencies = (
			);
			name = SMTMakerExample;
			productName = SMTMakerExample;
			productReference = 5362D3A5213E6FC10006D1F2 /* SMTMakerExample.app */;
			productType = "com.apple.product-type.application";
		};
/* End PBXNativeTarget section */

/* Begin PBXProject section */
		5362D39D213E6FC10006D1F2 /* Project object */ = {
			isa = PBXProject;
			attributes = {
				LastUpgradeCheck = 0940;
				ORGANIZATIONNAME = KaiChe;
				TargetAttributes = {
					5362D3A4213E6FC10006D1F2 = {
						CreatedOnToolsVersion = 9.4.1;
					};
				};
			};
			buildConfigurationList = 5362D3A0213E6FC10006D1F2 /* Build configuration list for PBXProject "SMTMakerExample" */;
			compatibilityVersion = "Xcode 9.3";
			developmentRegion = en;
			hasScannedForEncodings = 0;
			knownRegions = (
				en,
				Base,
			);
			mainGroup = 5362D39C213E6FC10006D1F2;
			productRefGroup = 5362D3A6213E6FC10006D1F2 /* Products */;
			projectDirPath = "";
			projectRoot = "";
			targets = (
				5362D3A4213E6FC10006D1F2 /* SMTMakerExample */,
			);
		};
/* End PBXProject section */

/* Begin PBXResourcesBuildPhase section */
		5362D3A3213E6FC10006D1F2 /* Resources */ = {
			isa = PBXResourcesBuildPhase;
			buildActionMask = 2147483647;
			files = (
				5362D3B5213E6FC50006D1F2 /* LaunchScreen.storyboard in Resources */,
				5362D3B2213E6FC50006D1F2 /* Assets.xcassets in Resources */,
			);
			runOnlyForDeploymentPostprocessing = 0;
		};
/* End PBXResourcesBuildPhase section */

/* Begin PBXShellScriptBuildPhase section */
		04389EC3B64577D032280D25 /* [CP] Embed Pods Frameworks */ = {
			isa = PBXShellScriptBuildPhase;
			buildActionMask = 2147483647;
			files = (
			);
			inputPaths = (
			);
			name = "[CP] Embed Pods Frameworks";
			outputPaths = (
			);
			runOnlyForDeploymentPostprocessing = 0;
			shellPath = /bin/sh;
			shellScript = "\"${SRCROOT}/Pods/Target Support Files/Pods-SMTMakerExample/Pods-SMTMakerExample-frameworks.sh\"\n";
			showEnvVarsInLog = 0;
		};
		8178A06DF4C69FC21B460721 /* [CP] Check Pods Manifest.lock */ = {
			isa = PBXShellScriptBuildPhase;
			buildActionMask = 2147483647;
			files = (
			);
			inputPaths = (
				"${PODS_PODFILE_DIR_PATH}/Podfile.lock",
				"${PODS_ROOT}/Manifest.lock",
			);
			name = "[CP] Check Pods Manifest.lock";
			outputPaths = (
				"$(DERIVED_FILE_DIR)/Pods-SMTMakerExample-checkManifestLockResult.txt",
			);
			runOnlyForDeploymentPostprocessing = 0;
			shellPath = /bin/sh;
			shellScript = "diff \"${PODS_PODFILE_DIR_PATH}/Podfile.lock\" \"${PODS_ROOT}/Manifest.lock\" > /dev/null\nif [ $? != 0 ] ; then\n    # print error to STDERR\n    echo \"error: The sandbox is not in sync with the Podfile.lock. Run 'pod install' or update your CocoaPods installation.\" >&2\n    exit 1\nfi\n# This output is used by Xcode 'outputs' to avoid re-running this script phase.\necho \"SUCCESS\" > \"${SCRIPT_OUTPUT_FILE_0}\"\n";
			showEnvVarsInLog = 0;
		};
		D3493EDC65CAE2AB1D77AB1E /* [CP] Copy Pods Resources */ = {
			isa = PBXShellScriptBuildPhase;
			buildActionMask = 2147483647;
			files = (
			);
			inputPaths = (
			);
			name = "[CP] Copy Pods Resources";
			outputPaths = (
			);
			runOnlyForDeploymentPostprocessing = 0;
			shellPath = /bin/sh;
			shellScript = "\"${SRCROOT}/Pods/Target Support Files/Pods-SMTMakerExample/Pods-SMTMakerExample-resources.sh\"\n";
			showEnvVarsInLog = 0;
		};
/* End PBXShellScriptBuildPhase section */

/* Begin PBXSourcesBuildPhase section */
		5362D3A1213E6FC10006D1F2 /* Sources */ = {
			isa = PBXSourcesBuildPhase;
			buildActionMask = 2147483647;
			files = (
				5362D3AD213E6FC10006D1F2 /* ViewController.m in Sources */,
				5362D3B8213E6FC50006D1F2 /* main.m in Sources */,
				5362D3AA213E6FC10006D1F2 /* AppDelegate.m in Sources */,
				5362D3C1213E74A70006D1F2 /* SMTLabelMake.m in Sources */,
				5362D3C4213E74F70006D1F2 /* UILabel+SMTMake.m in Sources */,
				5362D3CA213E81EB0006D1F2 /* UIView+SMTMake.m in Sources */,
				5362D3C7213E7F090006D1F2 /* SMTViewMake.m in Sources */,
			);
			runOnlyForDeploymentPostprocessing = 0;
		};
/* End PBXSourcesBuildPhase section */

/* Begin PBXVariantGroup section */
		5362D3B3213E6FC50006D1F2 /* LaunchScreen.storyboard */ = {
			isa = PBXVariantGroup;
			children = (
				5362D3B4213E6FC50006D1F2 /* Base */,
			);
			name = LaunchScreen.storyboard;
			sourceTree = "<group>";
		};
/* End PBXVariantGroup section */

/* Begin XCBuildConfiguration section */
		5362D3B9213E6FC50006D1F2 /* Debug */ = {
			isa = XCBuildConfiguration;
			buildSettings = {
				ALWAYS_SEARCH_USER_PATHS = NO;
				CLANG_ANALYZER_NONNULL = YES;
				CLANG_ANALYZER_NUMBER_OBJECT_CONVERSION = YES_AGGRESSIVE;
				CLANG_CXX_LANGUAGE_STANDARD = "gnu++14";
				CLANG_CXX_LIBRARY = "libc++";
				CLANG_ENABLE_MODULES = YES;
				CLANG_ENABLE_OBJC_ARC = YES;
				CLANG_ENABLE_OBJC_WEAK = YES;
				CLANG_WARN_BLOCK_CAPTURE_AUTORELEASING = YES;
				CLANG_WARN_BOOL_CONVERSION = YES;
				CLANG_WARN_COMMA = YES;
				CLANG_WARN_CONSTANT_CONVERSION = YES;
				CLANG_WARN_DEPRECATED_OBJC_IMPLEMENTATIONS = YES;
				CLANG_WARN_DIRECT_OBJC_ISA_USAGE = YES_ERROR;
				CLANG_WARN_DOCUMENTATION_COMMENTS = YES;
				CLANG_WARN_EMPTY_BODY = YES;
				CLANG_WARN_ENUM_CONVERSION = YES;
				CLANG_WARN_INFINITE_RECURSION = YES;
				CLANG_WARN_INT_CONVERSION = YES;
				CLANG_WARN_NON_LITERAL_NULL_CONVERSION = YES;
				CLANG_WARN_OBJC_IMPLICIT_RETAIN_SELF = YES;
				CLANG_WARN_OBJC_LITERAL_CONVERSION = YES;
				CLANG_WARN_OBJC_ROOT_CLASS = YES_ERROR;
				CLANG_WARN_RANGE_LOOP_ANALYSIS = YES;
				CLANG_WARN_STRICT_PROTOTYPES = YES;
				CLANG_WARN_SUSPICIOUS_MOVE = YES;
				CLANG_WARN_UNGUARDED_AVAILABILITY = YES_AGGRESSIVE;
				CLANG_WARN_UNREACHABLE_CODE = YES;
				CLANG_WARN__DUPLICATE_METHOD_MATCH = YES;
				CODE_SIGN_IDENTITY = "iPhone Developer";
				COPY_PHASE_STRIP = NO;
				DEBUG_INFORMATION_FORMAT = dwarf;
				ENABLE_STRICT_OBJC_MSGSEND = YES;
				ENABLE_TESTABILITY = YES;
				GCC_C_LANGUAGE_STANDARD = gnu11;
				GCC_DYNAMIC_NO_PIC = NO;
				GCC_NO_COMMON_BLOCKS = YES;
				GCC_OPTIMIZATION_LEVEL = 0;
				GCC_PREPROCESSOR_DEFINITIONS = (
					"DEBUG=1",
					"$(inherited)",
				);
				GCC_WARN_64_TO_32_BIT_CONVERSION = YES;
				GCC_WARN_ABOUT_RETURN_TYPE = YES_ERROR;
				GCC_WARN_UNDECLARED_SELECTOR = YES;
				GCC_WARN_UNINITIALIZED_AUTOS = YES_AGGRESSIVE;
				GCC_WARN_UNUSED_FUNCTION = YES;
				GCC_WARN_UNUSED_VARIABLE = YES;
				IPHONEOS_DEPLOYMENT_TARGET = 11.4;
				MTL_ENABLE_DEBUG_INFO = YES;
				ONLY_ACTIVE_ARCH = YES;
				SDKROOT = iphoneos;
			};
			name = Debug;
		};
		5362D3BA213E6FC50006D1F2 /* Release */ = {
			isa = XCBuildConfiguration;
			buildSettings = {
				ALWAYS_SEARCH_USER_PATHS = NO;
				CLANG_ANALYZER_NONNULL = YES;
				CLANG_ANALYZER_NUMBER_OBJECT_CONVERSION = YES_AGGRESSIVE;
				CLANG_CXX_LANGUAGE_STANDARD = "gnu++14";
				CLANG_CXX_LIBRARY = "libc++";
				CLANG_ENABLE_MODULES = YES;
				CLANG_ENABLE_OBJC_ARC = YES;
				CLANG_ENABLE_OBJC_WEAK = YES;
				CLANG_WARN_BLOCK_CAPTURE_AUTORELEASING = YES;
				CLANG_WARN_BOOL_CONVERSION = YES;
				CLANG_WARN_COMMA = YES;
				CLANG_WARN_CONSTANT_CONVERSION = YES;
				CLANG_WARN_DEPRECATED_OBJC_IMPLEMENTATIONS = YES;
				CLANG_WARN_DIRECT_OBJC_ISA_USAGE = YES_ERROR;
				CLANG_WARN_DOCUMENTATION_COMMENTS = YES;
				CLANG_WARN_EMPTY_BODY = YES;
				CLANG_WARN_ENUM_CONVERSION = YES;
				CLANG_WARN_INFINITE_RECURSION = YES;
				CLANG_WARN_INT_CONVERSION = YES;
				CLANG_WARN_NON_LITERAL_NULL_CONVERSION = YES;
				CLANG_WARN_OBJC_IMPLICIT_RETAIN_SELF = YES;
				CLANG_WARN_OBJC_LITERAL_CONVERSION = YES;
				CLANG_WARN_OBJC_ROOT_CLASS = YES_ERROR;
				CLANG_WARN_RANGE_LOOP_ANALYSIS = YES;
				CLANG_WARN_STRICT_PROTOTYPES = YES;
				CLANG_WARN_SUSPICIOUS_MOVE = YES;
				CLANG_WARN_UNGUARDED_AVAILABILITY = YES_AGGRESSIVE;
				CLANG_WARN_UNREACHABLE_CODE = YES;
				CLANG_WARN__DUPLICATE_METHOD_MATCH = YES;
				CODE_SIGN_IDENTITY = "iPhone Developer";
				COPY_PHASE_STRIP = NO;
				DEBUG_INFORMATION_FORMAT = "dwarf-with-dsym";
				ENABLE_NS_ASSERTIONS = NO;
				ENABLE_STRICT_OBJC_MSGSEND = YES;
				GCC_C_LANGUAGE_STANDARD = gnu11;
				GCC_NO_COMMON_BLOCKS = YES;
				GCC_WARN_64_TO_32_BIT_CONVERSION = YES;
				GCC_WARN_ABOUT_RETURN_TYPE = YES_ERROR;
				GCC_WARN_UNDECLARED_SELECTOR = YES;
				GCC_WARN_UNINITIALIZED_AUTOS = YES_AGGRESSIVE;
				GCC_WARN_UNUSED_FUNCTION = YES;
				GCC_WARN_UNUSED_VARIABLE = YES;
				IPHONEOS_DEPLOYMENT_TARGET = 11.4;
				MTL_ENABLE_DEBUG_INFO = NO;
				SDKROOT = iphoneos;
				VALIDATE_PRODUCT = YES;
			};
			name = Release;
		};
		5362D3BC213E6FC50006D1F2 /* Debug */ = {
			isa = XCBuildConfiguration;
			baseConfigurationReference = 115B630289E54C210E472288 /* Pods-SMTMakerExample.debug.xcconfig */;
			buildSettings = {
				ASSETCATALOG_COMPILER_APPICON_NAME = AppIcon;
				CODE_SIGN_STYLE = Automatic;
				DEVELOPMENT_TEAM = F5N6NK6V4Q;
				INFOPLIST_FILE = SMTMakerExample/Info.plist;
				LD_RUNPATH_SEARCH_PATHS = (
					"$(inherited)",
					"@executable_path/Frameworks",
				);
				PRODUCT_BUNDLE_IDENTIFIER = com.personal.SMTMakerExample;
				PRODUCT_NAME = "$(TARGET_NAME)";
				TARGETED_DEVICE_FAMILY = "1,2";
			};
			name = Debug;
		};
		5362D3BD213E6FC50006D1F2 /* Release */ = {
			isa = XCBuildConfiguration;
			baseConfigurationReference = 325D55657F7D7ED9B13E323F /* Pods-SMTMakerExample.release.xcconfig */;
			buildSettings = {
				ASSETCATALOG_COMPILER_APPICON_NAME = AppIcon;
				CODE_SIGN_STYLE = Automatic;
				DEVELOPMENT_TEAM = F5N6NK6V4Q;
				INFOPLIST_FILE = SMTMakerExample/Info.plist;
				LD_RUNPATH_SEARCH_PATHS = (
					"$(inherited)",
					"@executable_path/Frameworks",
				);
				PRODUCT_BUNDLE_IDENTIFIER = com.personal.SMTMakerExample;
				PRODUCT_NAME = "$(TARGET_NAME)";
				TARGETED_DEVICE_FAMILY = "1,2";
			};
			name = Release;
		};
/* End XCBuildConfiguration section */

/* Begin XCConfigurationList section */
		5362D3A0213E6FC10006D1F2 /* Build configuration list for PBXProject "SMTMakerExample" */ = {
			isa = XCConfigurationList;
			buildConfigurations = (
				5362D3B9213E6FC50006D1F2 /* Debug */,
				5362D3BA213E6FC50006D1F2 /* Release */,
			);
			defaultConfigurationIsVisible = 0;
			defaultConfigurationName = Release;
		};
		5362D3BB213E6FC50006D1F2 /* Build configuration list for PBXNativeTarget "SMTMakerExample" */ = {
			isa = XCConfigurationList;
			buildConfigurations = (
				5362D3BC213E6FC50006D1F2 /* Debug */,
				5362D3BD213E6FC50006D1F2 /* Release */,
			);
			defaultConfigurationIsVisible = 0;
			defaultConfigurationName = Release;
		};
/* End XCConfigurationList section */
	};
	rootObject = 5362D39D213E6FC10006D1F2 /* Project object */;
}
